hash: 601b0d5a723e60bc805ffa97a6f2881259a1e213fa2dc917a0c38bfdee99f586
updated: 2016-06-12T15:32:57.594880115+02:00
imports:
- name: github.com/docopt/docopt.go
  version: 784ddc588536785e7299f7272f39101f7faccc3f
- name: github.com/fatih/color
  version: 87d4004f2ab62d0d255e0a38f1680aa534549fe3
- name: github.com/mattn/go-colorable
  version: 9056b7a9f2d1f2d96498d6d146acd1f9d5ed3d59
- name: github.com/mattn/go-isatty
  version: 56b76bdf51f7708750eac80fa38b952bb9f32639
- name: github.com/mattn/go-zglob
  version: 2dbd7f37a45e993d5180a251b4bdd314d6333b70
- name: github.com/mh-cbon/verbose
  version: c8f315468e581eb736cc1f4f79e785a60ea370e6
  subpackages:
  - color
  - printer
- name: golang.org/x/sys
  version: 7f918dd405547ecb864d14a8ecbbfe205b5f930f
  subpackages:
  - unix
devImports: []
